
Microsoft Visual Studio Solution File, Format Version 12.00
# Visual Studio Version 17
VisualStudioVersion = 17.14.37516.0 d17.14
MinimumVisualStudioVersion = 10.0.40219.1
Project("{FAE04EC0-301F-11D3-BF4B-00C04F79EFBC}") = "RiderProfit", "RiderProfit\RiderProfit.csproj", "{FD82C3AD-BDC9-4C64-88DC-73CD2969CF86}"
EndProject
Global
	GlobalSection(SolutionConfigurationPlatforms) = preSolution
		Debug|Any CPU = Debug|Any CPU
		Release|Any CPU = Release|Any CPU
	EndGlobalSection
	GlobalSection(ProjectConfigurationPlatforms) = postSolution
		{FD82C3AD-BDC9-4C64-88DC-73CD2969CF86}.Debug|Any CPU.ActiveCfg = Debug|Any CPU
		{FD82C3AD-BDC9-4C64-88DC-73CD2969CF86}.Debug|Any CPU.Build.0 = Debug|Any CPU
		{FD82C3AD-BDC9-4C64-88DC-73CD2969CF86}.Release|Any CPU.ActiveCfg = Release|Any CPU
		{FD82C3AD-BDC9-4C64-88DC-73CD2969CF86}.Release|Any CPU.Build.0 = Release|Any CPU
	EndGlobalSection
	GlobalSection(SolutionProperties) = preSolution
		HideSolutionNode = FALSE
	EndGlobalSection
	GlobalSection(ExtensibilityGlobals) = postSolution
		SolutionGuid = {038D25FE-198B-4E80-B201-56472382A62C}
	EndGlobalSection
EndGlobal
